
Microsoft Visual Studio Solution File, Format Version 12.00
# Visual Studio Version 17
VisualStudioVersion = 17.4.33205.214
MinimumVisualStudioVersion = 10.0.40219.1
Project("{FAE04EC0-301F-11D3-BF4B-00C04F79EFBC}") = "UpSchool_SignalR_Api2", "UpSchool_SignalR_Api2\UpSchool_SignalR_Api2.csproj", "{FC707FD6-F504-4892-AD18-AE8B87E7FBD4}"
EndProject
Global
	GlobalSection(SolutionConfigurationPlatforms) = preSolution
		Debug|Any CPU = Debug|Any CPU
		Release|Any CPU = Release|Any CPU
	EndGlobalSection
	GlobalSection(ProjectConfigurationPlatforms) = postSolution
		{FC707FD6-F504-4892-AD18-AE8B87E7FBD4}.Debug|Any CPU.ActiveCfg = Debug|Any CPU
		{FC707FD6-F504-4892-AD18-AE8B87E7FBD4}.Debug|Any CPU.Build.0 = Debug|Any CPU
		{FC707FD6-F504-4892-AD18-AE8B87E7FBD4}.Release|Any CPU.ActiveCfg = Release|Any CPU
		{FC707FD6-F504-4892-AD18-AE8B87E7FBD4}.Release|Any CPU.Build.0 = Release|Any CPU
	EndGlobalSection
	GlobalSection(SolutionProperties) = preSolution
		HideSolutionNode = FALSE
	EndGlobalSection
	GlobalSection(ExtensibilityGlobals) = postSolution
		SolutionGuid = {3CC2BDDE-053E-4E51-AFAC-B19DE54A2082}
	EndGlobalSection
EndGlobal
